# This file is autogenerated, do not edit; changes may be undone by the next 'dep ensure'.


[[projects]]
  name = "github.com/kr/fs"
  packages = ["."]
  revision = "1455def202f6e05b95cc7bfc7e8ae67ae5141eba"
  version = "v0.1.0"

[[projects]]
  branch = "master"
  name = "github.com/otiai10/copy"
  packages = ["."]
  revision = "c59d460454b7a0c318e59595cb3ea22a41ba2572"

[[projects]]
  name = "github.com/pkg/errors"
  packages = ["."]
  revision = "645ef00459ed84a119197bfb8d8205042c6df63d"
  version = "v0.8.0"

[[projects]]
  name = "github.com/pkg/sftp"
  packages = ["."]
  revision = "57673e38ea946592a59c26592b7e6fbda646975b"
  version = "v1.8.0"

[[projects]]
  branch = "master"
  name = "golang.org/x/crypto"
  packages = [
    "curve25519",
    "ed25519",
    "ed25519/internal/edwards25519",
    "internal/chacha20",
    "internal/subtle",
    "poly1305",
    "ssh"
  ]
  revision = "c126467f60eb25f8f27e5a981f32a87e3965053f"

[solve-meta]
  analyzer-name = "dep"
  analyzer-version = 1
  inputs-digest = "0e98bc7030c846a285f9476b78eff145e8d84bfaa8ef40735440b9df5450e22f"
  solver-name = "gps-cdcl"
  solver-version = 1
